
Microsoft Visual Studio Solution File, Format Version 12.00
# Visual Studio Version 17
VisualStudioVersion = 17.9.34714.143
MinimumVisualStudioVersion = 10.0.40219.1
Project("{FAE04EC0-301F-11D3-BF4B-00C04F79EFBC}") = "hu_mdk0101_10", "hu_mdk0101_10\hu_mdk0101_10.csproj", "{96125720-454D-4F46-9AE7-16D073B5E4FE}"
EndProject
Global
	GlobalSection(SolutionConfigurationPlatforms) = preSolution
		Debug|Any CPU = Debug|Any CPU
		Release|Any CPU = Release|Any CPU
	EndGlobalSection
	GlobalSection(ProjectConfigurationPlatforms) = postSolution
		{96125720-454D-4F46-9AE7-16D073B5E4FE}.Debug|Any CPU.ActiveCfg = Debug|Any CPU
		{96125720-454D-4F46-9AE7-16D073B5E4FE}.Debug|Any CPU.Build.0 = Debug|Any CPU
		{96125720-454D-4F46-9AE7-16D073B5E4FE}.Release|Any CPU.ActiveCfg = Release|Any CPU
		{96125720-454D-4F46-9AE7-16D073B5E4FE}.Release|Any CPU.Build.0 = Release|Any CPU
	EndGlobalSection
	GlobalSection(SolutionProperties) = preSolution
		HideSolutionNode = FALSE
	EndGlobalSection
	GlobalSection(ExtensibilityGlobals) = postSolution
		SolutionGuid = {1CBF627D-698F-4916-B485-6F69EECA6440}
	EndGlobalSection
EndGlobal
